{
  "name": "codemirror-in-30",
  "version": "1.0.0",
  "lockfileVersion": 2,
  "requires": true,
  "packages": {
    "": {
      "name": "codemirror-in-30",
      "version": "1.0.0",
      "license": "MPL-2.0",
      "dependencies": {
        "@codemirror/lang-markdown": "^6.0.5",
        "codemirror": "^6.0.1"
      },
      "devDependencies": {
        "esbuild": "^0.16.10"
      }
    },
    "node_modules/@codemirror/autocomplete": {
      "version": "6.4.0",
      "resolved": "https://registry.npmjs.org/@codemirror/autocomplete/-/autocomplete-6.4.0.tgz",
      "integrity": "sha512-HLF2PnZAm1s4kGs30EiqKMgD7XsYaQ0XJnMR0rofEWQ5t5D60SfqpDIkIh1ze5tiEbyUWm8+VJ6W1/erVvBMIA==",
      "dependencies": {
        "@codemirror/language": "^6.0.0",
        "@codemirror/state": "^6.0.0",
        "@codemirror/view": "^6.6.0",
        "@lezer/common": "^1.0.0"
      },
      "peerDependencies": {
        "@codemirror/language": "^6.0.0",
        "@codemirror/state": "^6.0.0",
        "@codemirror/view": "^6.0.0",
        "@lezer/common": "^1.0.0"
      }
    },
    "node_modules/@codemirror/commands": {
      "version": "6.1.2",
      "resolved": "https://registry.npmjs.org/@codemirror/commands/-/commands-6.1.2.tgz",
      "integrity": "sha512-sO3jdX1s0pam6lIdeSJLMN3DQ6mPEbM4yLvyKkdqtmd/UDwhXA5+AwFJ89rRXm6vTeOXBsE5cAmlos/t7MJdgg==",
      "dependencies": {
        "@codemirror/language": "^6.0.0",
        "@codemirror/state": "^6.0.0",
        "@codemirror/view": "^6.0.0",
        "@lezer/common": "^1.0.0"
      }
    },
    "node_modules/@codemirror/lang-css": {
      "version": "6.0.1",
      "resolved": "https://registry.npmjs.org/@codemirror/lang-css/-/lang-css-6.0.1.tgz",
      "integrity": "sha512-rlLq1Dt0WJl+2epLQeAsfqIsx3lGu4HStHCJu95nGGuz2P2fNugbU3dQYafr2VRjM4eMC9HviI6jvS98CNtG5w==",
      "dependencies": {
        "@codemirror/autocomplete": "^6.0.0",
        "@codemirror/language": "^6.0.0",
        "@codemirror/state": "^6.0.0",
        "@lezer/css": "^1.0.0"
      }
    },
    "node_modules/@codemirror/lang-html": {
      "version": "6.4.0",
      "resolved": "https://registry.npmjs.org/@codemirror/lang-html/-/lang-html-6.4.0.tgz",
      "integrity": "sha512-HHged0d9AQ/mpjYLTYDVdtI7235dO0COFNgc5uuiGokgjWx3L/sjMSw5aS/Nk7JG++LhsohG5HMNTCuqAq3Tcg==",
      "dependencies": {
        "@codemirror/autocomplete": "^6.0.0",
        "@codemirror/lang-css": "^6.0.0",
        "@codemirror/lang-javascript": "^6.0.0",
        "@codemirror/language": "^6.0.0",
        "@codemirror/state": "^6.0.0",
        "@codemirror/view": "^6.2.2",
        "@lezer/common": "^1.0.0",
        "@lezer/css": "^1.1.0",
        "@lezer/html": "^1.1.0"
      }
    },
    "node_modules/@codemirror/lang-javascript": {
      "version": "6.1.2",
      "resolved": "https://registry.npmjs.org/@codemirror/lang-javascript/-/lang-javascript-6.1.2.tgz",
      "integrity": "sha512-OcwLfZXdQ1OHrLiIcKCn7MqZ7nx205CMKlhe+vL88pe2ymhT9+2P+QhwkYGxMICj8TDHyp8HFKVwpiisUT7iEQ==",
      "dependencies": {
        "@codemirror/autocomplete": "^6.0.0",
        "@codemirror/language": "^6.0.0",
        "@codemirror/lint": "^6.0.0",
        "@codemirror/state": "^6.0.0",
        "@codemirror/view": "^6.0.0",
        "@lezer/common": "^1.0.0",
        "@lezer/javascript": "^1.0.0"
      }
    },
    "node_modules/@codemirror/lang-markdown": {
      "version": "6.0.5",
      "resolved": "https://registry.npmjs.org/@codemirror/lang-markdown/-/lang-markdown-6.0.5.tgz",
      "integrity": "sha512-qH0THRYc2M7pIJoAp6jstXZkv8ZMVhNaBm7Bs4+0SLHhHlwX53txFy98AcPwrfq0Sh8Zi6RAuj9j/GyL8E1MKw==",
      "dependencies": {
        "@codemirror/lang-html": "^6.0.0",
        "@codemirror/language": "^6.3.0",
        "@codemirror/state": "^6.0.0",
        "@codemirror/view": "^6.0.0",
        "@lezer/common": "^1.0.0",
        "@lezer/markdown": "^1.0.0"
      }
    },
    "node_modules/@codemirror/language": {
      "version": "6.3.2",
      "resolved": "https://registry.npmjs.org/@codemirror/language/-/language-6.3.2.tgz",
      "integrity": "sha512-g42uHhOcEMAXjmozGG+rdom5UsbyfMxQFh7AbkeoaNImddL6Xt4cQDL0+JxmG7+as18rUAvZaqzP/TjsciVIrA==",
      "dependencies": {
        "@codemirror/state": "^6.0.0",
        "@codemirror/view": "^6.0.0",
        "@lezer/common": "^1.0.0",
        "@lezer/highlight": "^1.0.0",
        "@lezer/lr": "^1.0.0",
        "style-mod": "^4.0.0"
      }
    },
    "node_modules/@codemirror/lint": {
      "version": "6.1.0",
      "resolved": "https://registry.npmjs.org/@codemirror/lint/-/lint-6.1.0.tgz",
      "integrity": "sha512-mdvDQrjRmYPvQ3WrzF6Ewaao+NWERYtpthJvoQ3tK3t/44Ynhk8ZGjTSL9jMEv8CgSMogmt75X8ceOZRDSXHtQ==",
      "dependencies": {
        "@codemirror/state": "^6.0.0",
        "@codemirror/view": "^6.0.0",
        "crelt": "^1.0.5"
      }
    },
    "node_modules/@codemirror/search": {
      "version": "6.2.3",
      "resolved": "https://registry.npmjs.org/@codemirror/search/-/search-6.2.3.tgz",
      "integrity": "sha512-V9n9233lopQhB1dyjsBK2Wc1i+8hcCqxl1wQ46c5HWWLePoe4FluV3TGHoZ04rBRlGjNyz9DTmpJErig8UE4jw==",
      "dependencies": {
        "@codemirror/state": "^6.0.0",
        "@codemirror/view": "^6.0.0",
        "crelt": "^1.0.5"
      }
    },
    "node_modules/@codemirror/state": {
      "version": "6.1.4",
      "resolved": "https://registry.npmjs.org/@codemirror/state/-/state-6.1.4.tgz",
      "integrity": "sha512-g+3OJuRylV5qsXuuhrc6Cvs1NQluNioepYMM2fhnpYkNk7NgX+j0AFuevKSVKzTDmDyt9+Puju+zPdHNECzCNQ=="
    },
    "node_modules/@codemirror/view": {
      "version": "6.7.1",
      "resolved": "https://registry.npmjs.org/@codemirror/view/-/view-6.7.1.tgz",
      "integrity": "sha512-kYtS+uqYw/q/0ytYxpkqE1JVuK5NsbmBklWYhwLFTKO9gVuTdh/kDEeZPKorbqHcJ+P+ucrhcsS1czVweOpT2g==",
      "dependencies": {
        "@codemirror/state": "^6.1.4",
        "style-mod": "^4.0.0",
        "w3c-keyname": "^2.2.4"
      }
    },
    "node_modules/@esbuild/android-arm": {
      "version": "0.16.10",
      "resolved": "https://registry.npmjs.org/@esbuild/android-arm/-/android-arm-0.16.10.tgz",
      "integrity": "sha512-RmJjQTRrO6VwUWDrzTBLmV4OJZTarYsiepLGlF2rYTVB701hSorPywPGvP6d8HCuuRibyXa5JX4s3jN2kHEtjQ==",
      "cpu": [
        "arm"
      ],
      "dev": true,
      "optional": true,
      "os": [
        "android"
      ],
      "engines": {
        "node": ">=12"
      }
    },
    "node_modules/@esbuild/android-arm64": {
      "version": "0.16.10",
      "resolved": "https://registry.npmjs.org/@esbuild/android-arm64/-/android-arm64-0.16.10.tgz",
      "integrity": "sha512-47Y+NwVKTldTlDhSgJHZ/RpvBQMUDG7eKihqaF/u6g7s0ZPz4J1vy8A3rwnnUOF2CuDn7w7Gj/QcMoWz3U3SJw==",
      "cpu": [
        "arm64"
      ],
      "dev": true,
      "optional": true,
      "os": [
        "android"
      ],
      "engines": {
        "node": ">=12"
      }
    },
    "node_modules/@esbuild/android-x64": {
      "version": "0.16.10",
      "resolved": "https://registry.npmjs.org/@esbuild/android-x64/-/android-x64-0.16.10.tgz",
      "integrity": "sha512-C4PfnrBMcuAcOurQzpF1tTtZz94IXO5JmICJJ3NFJRHbXXsQUg9RFG45KvydKqtFfBaFLCHpduUkUfXwIvGnRg==",
      "cpu": [
        "x64"
      ],
      "dev": true,
      "optional": true,
      "os": [
        "android"
      ],
      "engines": {
        "node": ">=12"
      }
    },
    "node_modules/@esbuild/darwin-arm64": {
      "version": "0.16.10",
      "resolved": "https://registry.npmjs.org/@esbuild/darwin-arm64/-/darwin-arm64-0.16.10.tgz",
      "integrity": "sha512-bH/bpFwldyOKdi9HSLCLhhKeVgRYr9KblchwXgY2NeUHBB/BzTUHtUSBgGBmpydB1/4E37m+ggXXfSrnD7/E7g==",
      "cpu": [
        "arm64"
      ],
      "dev": true,
      "optional": true,
      "os": [
        "darwin"
      ],
      "engines": {
        "node": ">=12"
      }
    },
    "node_modules/@esbuild/darwin-x64": {
      "version": "0.16.10",
      "resolved": "https://registry.npmjs.org/@esbuild/darwin-x64/-/darwin-x64-0.16.10.tgz",
      "integrity": "sha512-OXt7ijoLuy+AjDSKQWu+KdDFMBbdeaL6wtgMKtDUXKWHiAMKHan5+R1QAG6HD4+K0nnOvEJXKHeA9QhXNAjOTQ==",
      "cpu": [
        "x64"
      ],
      "dev": true,
      "optional": true,
      "os": [
        "darwin"
      ],
      "engines": {
        "node": ">=12"
      }
    },
    "node_modules/@esbuild/freebsd-arm64": {
      "version": "0.16.10",
      "resolved": "https://registry.npmjs.org/@esbuild/freebsd-arm64/-/freebsd-arm64-0.16.10.tgz",
      "integrity": "sha512-shSQX/3GHuspE3Uxtq5kcFG/zqC+VuMnJkqV7LczO41cIe6CQaXHD3QdMLA4ziRq/m0vZo7JdterlgbmgNIAlQ==",
      "cpu": [
        "arm64"
      ],
      "dev": true,
      "optional": true,
      "os": [
        "freebsd"
      ],
      "engines": {
        "node": ">=12"
      }
    },
    "node_modules/@esbuild/freebsd-x64": {
      "version": "0.16.10",
      "resolved": "https://registry.npmjs.org/@esbuild/freebsd-x64/-/freebsd-x64-0.16.10.tgz",
      "integrity": "sha512-5YVc1zdeaJGASijZmTzSO4h6uKzsQGG3pkjI6fuXvolhm3hVRhZwnHJkforaZLmzvNv5Tb7a3QL2FAVmrgySIA==",
      "cpu": [
        "x64"
      ],
      "dev": true,
      "optional": true,
      "os": [
        "freebsd"
      ],
      "engines": {
        "node": ">=12"
      }
    },
    "node_modules/@esbuild/linux-arm": {
      "version": "0.16.10",
      "resolved": "https://registry.npmjs.org/@esbuild/linux-arm/-/linux-arm-0.16.10.tgz",
      "integrity": "sha512-c360287ZWI2miBnvIj23bPyVctgzeMT2kQKR+x94pVqIN44h3GF8VMEs1SFPH1UgyDr3yBbx3vowDS1SVhyVhA==",
      "cpu": [
        "arm"
      ],
      "dev": true,
      "optional": true,
      "os": [
        "linux"
      ],
      "engines": {
        "node": ">=12"
      }
    },
    "node_modules/@esbuild/linux-arm64": {
      "version": "0.16.10",
      "resolved": "https://registry.npmjs.org/@esbuild/linux-arm64/-/linux-arm64-0.16.10.tgz",
      "integrity": "sha512-2aqeNVxIaRfPcIaMZIFoblLh588sWyCbmj1HHCCs9WmeNWm+EIN0SmvsmPvTa/TsNZFKnxTcvkX2eszTcCqIrA==",
      "cpu": [
        "arm64"
      ],
      "dev": true,
      "optional": true,
      "os": [
        "linux"
      ],
      "engines": {
        "node": ">=12"
      }
    },
    "node_modules/@esbuild/linux-ia32": {
      "version": "0.16.10",
      "resolved": "https://registry.npmjs.org/@esbuild/linux-ia32/-/linux-ia32-0.16.10.tgz",
      "integrity": "sha512-sqMIEWeyrLGU7J5RB5fTkLRIFwsgsQ7ieWXlDLEmC2HblPYGb3AucD7inw2OrKFpRPKsec1l+lssiM3+NV5aOw==",
      "cpu": [
        "ia32"
      ],
      "dev": true,
      "optional": true,
      "os": [
        "linux"
      ],
      "engines": {
        "node": ">=12"
      }
    },
    "node_modules/@esbuild/linux-loong64": {
      "version": "0.16.10",
      "resolved": "https://registry.npmjs.org/@esbuild/linux-loong64/-/linux-loong64-0.16.10.tgz",
      "integrity": "sha512-O7Pd5hLEtTg37NC73pfhUOGTjx/+aXu5YoSq3ahCxcN7Bcr2F47mv+kG5t840thnsEzrv0oB70+LJu3gUgchvg==",
      "cpu": [
        "loong64"
      ],
      "dev": true,
      "optional": true,
      "os": [
        "linux"
      ],
      "engines": {
        "node": ">=12"
      }
    },
    "node_modules/@esbuild/linux-mips64el": {
      "version": "0.16.10",
      "resolved": "https://registry.npmjs.org/@esbuild/linux-mips64el/-/linux-mips64el-0.16.10.tgz",
      "integrity": "sha512-FN8mZOH7531iPHM0kaFhAOqqNHoAb6r/YHW2ZIxNi0a85UBi2DO4Vuyn7t1p4UN8a4LoAnLOT1PqNgHkgBJgbA==",
      "cpu": [
        "mips64el"
      ],
      "dev": true,
      "optional": true,
      "os": [
        "linux"
      ],
      "engines": {
        "node": ">=12"
      }
    },
    "node_modules/@esbuild/linux-ppc64": {
      "version": "0.16.10",
      "resolved": "https://registry.npmjs.org/@esbuild/linux-ppc64/-/linux-ppc64-0.16.10.tgz",
      "integrity": "sha512-Dg9RiqdvHOAWnOKIOTsIx8dFX9EDlY2IbPEY7YFzchrCiTZmMkD7jWA9UdZbNUygPjdmQBVPRCrLydReFlX9yg==",
      "cpu": [
        "ppc64"
      ],
      "dev": true,
      "optional": true,
      "os": [
        "linux"
      ],
      "engines": {
        "node": ">=12"
      }
    },
    "node_modules/@esbuild/linux-riscv64": {
      "version": "0.16.10",
      "resolved": "https://registry.npmjs.org/@esbuild/linux-riscv64/-/linux-riscv64-0.16.10.tgz",
      "integrity": "sha512-XMqtpjwzbmlar0BJIxmzu/RZ7EWlfVfH68Vadrva0Wj5UKOdKvqskuev2jY2oPV3aoQUyXwnMbMrFmloO2GfAw==",
      "cpu": [
        "riscv64"
      ],
      "dev": true,
      "optional": true,
      "os": [
        "linux"
      ],
      "engines": {
        "node": ">=12"
      }
    },
    "node_modules/@esbuild/linux-s390x": {
      "version": "0.16.10",
      "resolved": "https://registry.npmjs.org/@esbuild/linux-s390x/-/linux-s390x-0.16.10.tgz",
      "integrity": "sha512-fu7XtnoeRNFMx8DjK3gPWpFBDM2u5ba+FYwg27SjMJwKvJr4bDyKz5c+FLXLUSSAkMAt/UL+cUbEbra+rYtUgw==",
      "cpu": [
        "s390x"
      ],
      "dev": true,
      "optional": true,
      "os": [
        "linux"
      ],
      "engines": {
        "node": ">=12"
      }
    },
    "node_modules/@esbuild/linux-x64": {
      "version": "0.16.10",
      "resolved": "https://registry.npmjs.org/@esbuild/linux-x64/-/linux-x64-0.16.10.tgz",
      "integrity": "sha512-61lcjVC/RldNNMUzQQdyCWjCxp9YLEQgIxErxU9XluX7juBdGKb0pvddS0vPNuCvotRbzijZ1pzII+26haWzbA==",
      "cpu": [
        "x64"
      ],
      "dev": true,
      "optional": true,
      "os": [
        "linux"
      ],
      "engines": {
        "node": ">=12"
      }
    },
    "node_modules/@esbuild/netbsd-x64": {
      "version": "0.16.10",
      "resolved": "https://registry.npmjs.org/@esbuild/netbsd-x64/-/netbsd-x64-0.16.10.tgz",
      "integrity": "sha512-JeZXCX3viSA9j4HqSoygjssdqYdfHd6yCFWyfSekLbz4Ef+D2EjvsN02ZQPwYl5a5gg/ehdHgegHhlfOFP0HCA==",
      "cpu": [
        "x64"
      ],
      "dev": true,
      "optional": true,
      "os": [
        "netbsd"
      ],
      "engines": {
        "node": ">=12"
      }
    },
    "node_modules/@esbuild/openbsd-x64": {
      "version": "0.16.10",
      "resolved": "https://registry.npmjs.org/@esbuild/openbsd-x64/-/openbsd-x64-0.16.10.tgz",
      "integrity": "sha512-3qpxQKuEVIIg8SebpXsp82OBrqjPV/OwNWmG+TnZDr3VGyChNnGMHccC1xkbxCHDQNnnXjxhMQNyHmdFJbmbRA==",
      "cpu": [
        "x64"
      ],
      "dev": true,
      "optional": true,
      "os": [
        "openbsd"
      ],
      "engines": {
        "node": ">=12"
      }
    },
    "node_modules/@esbuild/sunos-x64": {
      "version": "0.16.10",
      "resolved": "https://registry.npmjs.org/@esbuild/sunos-x64/-/sunos-x64-0.16.10.tgz",
      "integrity": "sha512-z+q0xZ+et/7etz7WoMyXTHZ1rB8PMSNp/FOqURLJLOPb3GWJ2aj4oCqFCjPwEbW1rsT7JPpxeH/DwGAWk/I1Bg==",
      "cpu": [
        "x64"
      ],
      "dev": true,
      "optional": true,
      "os": [
        "sunos"
      ],
      "engines": {
        "node": ">=12"
      }
    },
    "node_modules/@esbuild/win32-arm64": {
      "version": "0.16.10",
      "resolved": "https://registry.npmjs.org/@esbuild/win32-arm64/-/win32-arm64-0.16.10.tgz",
      "integrity": "sha512-+YYu5sbQ9npkNT9Dec+tn1F/kjg6SMgr6bfi/6FpXYZvCRfu2YFPZGb+3x8K30s8eRxFpoG4sGhiSUkr1xbHEw==",
      "cpu": [
        "arm64"
      ],
      "dev": true,
      "optional": true,
      "os": [
        "win32"
      ],
      "engines": {
        "node": ">=12"
      }
    },
    "node_modules/@esbuild/win32-ia32": {
      "version": "0.16.10",
      "resolved": "https://registry.npmjs.org/@esbuild/win32-ia32/-/win32-ia32-0.16.10.tgz",
      "integrity": "sha512-Aw7Fupk7XNehR1ftHGYwUteyJ2q+em/aE+fVU3YMTBN2V5A7Z4aVCSV+SvCp9HIIHZavPFBpbdP3VfjQpdf6Xg==",
      "cpu": [
        "ia32"
      ],
      "dev": true,
      "optional": true,
      "os": [
        "win32"
      ],
      "engines": {
        "node": ">=12"
      }
    },
    "node_modules/@esbuild/win32-x64": {
      "version": "0.16.10",
      "resolved": "https://registry.npmjs.org/@esbuild/win32-x64/-/win32-x64-0.16.10.tgz",
      "integrity": "sha512-qddWullt3sC1EIpfHvCRBq3H4g3L86DZpD6n8k2XFjFVyp01D++uNbN1hT/JRsHxTbyyemZcpwL5aRlJwc/zFw==",
      "cpu": [
        "x64"
      ],
      "dev": true,
      "optional": true,
      "os": [
        "win32"
      ],
      "engines": {
        "node": ">=12"
      }
    },
    "node_modules/@lezer/common": {
      "version": "1.0.2",
      "resolved": "https://registry.npmjs.org/@lezer/common/-/common-1.0.2.tgz",
      "integrity": "sha512-SVgiGtMnMnW3ActR8SXgsDhw7a0w0ChHSYAyAUxxrOiJ1OqYWEKk/xJd84tTSPo1mo6DXLObAJALNnd0Hrv7Ng=="
    },
    "node_modules/@lezer/css": {
      "version": "1.1.1",
      "resolved": "https://registry.npmjs.org/@lezer/css/-/css-1.1.1.tgz",
      "integrity": "sha512-mSjx+unLLapEqdOYDejnGBokB5+AiJKZVclmud0MKQOKx3DLJ5b5VTCstgDDknR6iIV4gVrN6euzsCnj0A2gQA==",
      "dependencies": {
        "@lezer/highlight": "^1.0.0",
        "@lezer/lr": "^1.0.0"
      }
    },
    "node_modules/@lezer/highlight": {
      "version": "1.1.3",
      "resolved": "https://registry.npmjs.org/@lezer/highlight/-/highlight-1.1.3.tgz",
      "integrity": "sha512-3vLKLPThO4td43lYRBygmMY18JN3CPh9w+XS2j8WC30vR4yZeFG4z1iFe4jXE43NtGqe//zHW5q8ENLlHvz9gw==",
      "dependencies": {
        "@lezer/common": "^1.0.0"
      }
    },
    "node_modules/@lezer/html": {
      "version": "1.3.0",
      "resolved": "https://registry.npmjs.org/@lezer/html/-/html-1.3.0.tgz",
      "integrity": "sha512-jU/ah8DEoiECLTMouU/X/ujIg6k9WQMIOFMaCLebzaXfrguyGaR3DpTgmk0tbljiuIJ7hlmVJPcJcxGzmCd0Mg==",
      "dependencies": {
        "@lezer/common": "^1.0.0",
        "@lezer/highlight": "^1.0.0",
        "@lezer/lr": "^1.0.0"
      }
    },
    "node_modules/@lezer/javascript": {
      "version": "1.4.0",
      "resolved": "https://registry.npmjs.org/@lezer/javascript/-/javascript-1.4.0.tgz",
      "integrity": "sha512-MQ3oLJGEtpUgZ03LOLI60tDnjSkKO6h9hZSe31qJ1UQV+I9bpv3pwSnPUnX0+e+3E1PBVkox0GB2/MXkxg0M2w==",
      "dependencies": {
        "@lezer/highlight": "^1.0.0",
        "@lezer/lr": "^1.0.0"
      }
    },
    "node_modules/@lezer/lr": {
      "version": "1.2.5",
      "resolved": "https://registry.npmjs.org/@lezer/lr/-/lr-1.2.5.tgz",
      "integrity": "sha512-f9319YG1A/3ysgUE3bqCHEd7g+3ZZ71MWlwEc42mpnLVYXgfJJgtu1XAyBB4Kz8FmqmnFe9caopDqKeMMMAU6g==",
      "dependencies": {
        "@lezer/common": "^1.0.0"
      }
    },
    "node_modules/@lezer/markdown": {
      "version": "1.0.2",
      "resolved": "https://registry.npmjs.org/@lezer/markdown/-/markdown-1.0.2.tgz",
      "integrity": "sha512-8CY0OoZ6V5EzPjSPeJ4KLVbtXdLBd8V6sRCooN5kHnO28ytreEGTyrtU/zUwo/XLRzGr/e1g44KlzKi3yWGB5A==",
      "dependencies": {
        "@lezer/common": "^1.0.0",
        "@lezer/highlight": "^1.0.0"
      }
    },
    "node_modules/codemirror": {
      "version": "6.0.1",
      "resolved": "https://registry.npmjs.org/codemirror/-/codemirror-6.0.1.tgz",
      "integrity": "sha512-J8j+nZ+CdWmIeFIGXEFbFPtpiYacFMDR8GlHK3IyHQJMCaVRfGx9NT+Hxivv1ckLWPvNdZqndbr/7lVhrf/Svg==",
      "dependencies": {
        "@codemirror/autocomplete": "^6.0.0",
        "@codemirror/commands": "^6.0.0",
        "@codemirror/language": "^6.0.0",
        "@codemirror/lint": "^6.0.0",
        "@codemirror/search": "^6.0.0",
        "@codemirror/state": "^6.0.0",
        "@codemirror/view": "^6.0.0"
      }
    },
    "node_modules/crelt": {
      "version": "1.0.5",
      "resolved": "https://registry.npmjs.org/crelt/-/crelt-1.0.5.tgz",
      "integrity": "sha512-+BO9wPPi+DWTDcNYhr/W90myha8ptzftZT+LwcmUbbok0rcP/fequmFYCw8NMoH7pkAZQzU78b3kYrlua5a9eA=="
    },
    "node_modules/esbuild": {
      "version": "0.16.10",
      "resolved": "https://registry.npmjs.org/esbuild/-/esbuild-0.16.10.tgz",
      "integrity": "sha512-z5dIViHoVnw2l+NCJ3zj5behdXjYvXne9gL18OOivCadXDUhyDkeSvEtLcGVAJW2fNmh33TDUpsi704XYlDodw==",
      "dev": true,
      "hasInstallScript": true,
      "bin": {
        "esbuild": "bin/esbuild"
      },
      "engines": {
        "node": ">=12"
      },
      "optionalDependencies": {
        "@esbuild/android-arm": "0.16.10",
        "@esbuild/android-arm64": "0.16.10",
        "@esbuild/android-x64": "0.16.10",
        "@esbuild/darwin-arm64": "0.16.10",
        "@esbuild/darwin-x64": "0.16.10",
        "@esbuild/freebsd-arm64": "0.16.10",
        "@esbuild/freebsd-x64": "0.16.10",
        "@esbuild/linux-arm": "0.16.10",
        "@esbuild/linux-arm64": "0.16.10",
        "@esbuild/linux-ia32": "0.16.10",
        "@esbuild/linux-loong64": "0.16.10",
        "@esbuild/linux-mips64el": "0.16.10",
        "@esbuild/linux-ppc64": "0.16.10",
        "@esbuild/linux-riscv64": "0.16.10",
        "@esbuild/linux-s390x": "0.16.10",
        "@esbuild/linux-x64": "0.16.10",
        "@esbuild/netbsd-x64": "0.16.10",
        "@esbuild/openbsd-x64": "0.16.10",
        "@esbuild/sunos-x64": "0.16.10",
        "@esbuild/win32-arm64": "0.16.10",
        "@esbuild/win32-ia32": "0.16.10",
        "@esbuild/win32-x64": "0.16.10"
      }
    },
    "node_modules/style-mod": {
      "version": "4.0.0",
      "resolved": "https://registry.npmjs.org/style-mod/-/style-mod-4.0.0.tgz",
      "integrity": "sha512-OPhtyEjyyN9x3nhPsu76f52yUGXiZcgvsrFVtvTkyGRQJ0XK+GPc6ov1z+lRpbeabka+MYEQxOYRnt5nF30aMw=="
    },
    "node_modules/w3c-keyname": {
      "version": "2.2.6",
      "resolved": "https://registry.npmjs.org/w3c-keyname/-/w3c-keyname-2.2.6.tgz",
      "integrity": "sha512-f+fciywl1SJEniZHD6H+kUO8gOnwIr7f4ijKA6+ZvJFjeGi1r4PDLl53Ayud9O/rk64RqgoQine0feoeOU0kXg=="
    }
  },
  "dependencies": {
    "@codemirror/autocomplete": {
      "version": "6.4.0",
      "resolved": "https://registry.npmjs.org/@codemirror/autocomplete/-/autocomplete-6.4.0.tgz",
      "integrity": "sha512-HLF2PnZAm1s4kGs30EiqKMgD7XsYaQ0XJnMR0rofEWQ5t5D60SfqpDIkIh1ze5tiEbyUWm8+VJ6W1/erVvBMIA==",
      "requires": {
        "@codemirror/language": "^6.0.0",
        "@codemirror/state": "^6.0.0",
        "@codemirror/view": "^6.6.0",
        "@lezer/common": "^1.0.0"
      }
    },
    "@codemirror/commands": {
      "version": "6.1.2",
      "resolved": "https://registry.npmjs.org/@codemirror/commands/-/commands-6.1.2.tgz",
      "integrity": "sha512-sO3jdX1s0pam6lIdeSJLMN3DQ6mPEbM4yLvyKkdqtmd/UDwhXA5+AwFJ89rRXm6vTeOXBsE5cAmlos/t7MJdgg==",
      "requires": {
        "@codemirror/language": "^6.0.0",
        "@codemirror/state": "^6.0.0",
        "@codemirror/view": "^6.0.0",
        "@lezer/common": "^1.0.0"
      }
    },
    "@codemirror/lang-css": {
      "version": "6.0.1",
      "resolved": "https://registry.npmjs.org/@codemirror/lang-css/-/lang-css-6.0.1.tgz",
      "integrity": "sha512-rlLq1Dt0WJl+2epLQeAsfqIsx3lGu4HStHCJu95nGGuz2P2fNugbU3dQYafr2VRjM4eMC9HviI6jvS98CNtG5w==",
      "requires": {
        "@codemirror/autocomplete": "^6.0.0",
        "@codemirror/language": "^6.0.0",
        "@codemirror/state": "^6.0.0",
        "@lezer/css": "^1.0.0"
      }
    },
    "@codemirror/lang-html": {
      "version": "6.4.0",
      "resolved": "https://registry.npmjs.org/@codemirror/lang-html/-/lang-html-6.4.0.tgz",
      "integrity": "sha512-HHged0d9AQ/mpjYLTYDVdtI7235dO0COFNgc5uuiGokgjWx3L/sjMSw5aS/Nk7JG++LhsohG5HMNTCuqAq3Tcg==",
      "requires": {
        "@codemirror/autocomplete": "^6.0.0",
        "@codemirror/lang-css": "^6.0.0",
        "@codemirror/lang-javascript": "^6.0.0",
        "@codemirror/language": "^6.0.0",
        "@codemirror/state": "^6.0.0",
        "@codemirror/view": "^6.2.2",
        "@lezer/common": "^1.0.0",
        "@lezer/css": "^1.1.0",
        "@lezer/html": "^1.1.0"
      }
    },
    "@codemirror/lang-javascript": {
      "version": "6.1.2",
      "resolved": "https://registry.npmjs.org/@codemirror/lang-javascript/-/lang-javascript-6.1.2.tgz",
      "integrity": "sha512-OcwLfZXdQ1OHrLiIcKCn7MqZ7nx205CMKlhe+vL88pe2ymhT9+2P+QhwkYGxMICj8TDHyp8HFKVwpiisUT7iEQ==",
      "requires": {
        "@codemirror/autocomplete": "^6.0.0",
        "@codemirror/language": "^6.0.0",
        "@codemirror/lint": "^6.0.0",
        "@codemirror/state": "^6.0.0",
        "@codemirror/view": "^6.0.0",
        "@lezer/common": "^1.0.0",
        "@lezer/javascript": "^1.0.0"
      }
    },
    "@codemirror/lang-markdown": {
      "version": "6.0.5",
      "resolved": "https://registry.npmjs.org/@codemirror/lang-markdown/-/lang-markdown-6.0.5.tgz",
      "integrity": "sha512-qH0THRYc2M7pIJoAp6jstXZkv8ZMVhNaBm7Bs4+0SLHhHlwX53txFy98AcPwrfq0Sh8Zi6RAuj9j/GyL8E1MKw==",
      "requires": {
        "@codemirror/lang-html": "^6.0.0",
        "@codemirror/language": "^6.3.0",
        "@codemirror/state": "^6.0.0",
        "@codemirror/view": "^6.0.0",
        "@lezer/common": "^1.0.0",
        "@lezer/markdown": "^1.0.0"
      }
    },
    "@codemirror/language": {
      "version": "6.3.2",
      "resolved": "https://registry.npmjs.org/@codemirror/language/-/language-6.3.2.tgz",
      "integrity": "sha512-g42uHhOcEMAXjmozGG+rdom5UsbyfMxQFh7AbkeoaNImddL6Xt4cQDL0+JxmG7+as18rUAvZaqzP/TjsciVIrA==",
      "requires": {
        "@codemirror/state": "^6.0.0",
        "@codemirror/view": "^6.0.0",
        "@lezer/common": "^1.0.0",
        "@lezer/highlight": "^1.0.0",
        "@lezer/lr": "^1.0.0",
        "style-mod": "^4.0.0"
      }
    },
    "@codemirror/lint": {
      "version": "6.1.0",
      "resolved": "https://registry.npmjs.org/@codemirror/lint/-/lint-6.1.0.tgz",
      "integrity": "sha512-mdvDQrjRmYPvQ3WrzF6Ewaao+NWERYtpthJvoQ3tK3t/44Ynhk8ZGjTSL9jMEv8CgSMogmt75X8ceOZRDSXHtQ==",
      "requires": {
        "@codemirror/state": "^6.0.0",
        "@codemirror/view": "^6.0.0",
        "crelt": "^1.0.5"
      }
    },
    "@codemirror/search": {
      "version": "6.2.3",
      "resolved": "https://registry.npmjs.org/@codemirror/search/-/search-6.2.3.tgz",
      "integrity": "sha512-V9n9233lopQhB1dyjsBK2Wc1i+8hcCqxl1wQ46c5HWWLePoe4FluV3TGHoZ04rBRlGjNyz9DTmpJErig8UE4jw==",
      "requires": {
        "@codemirror/state": "^6.0.0",
        "@codemirror/view": "^6.0.0",
        "crelt": "^1.0.5"
      }
    },
    "@codemirror/state": {
      "version": "6.1.4",
      "resolved": "https://registry.npmjs.org/@codemirror/state/-/state-6.1.4.tgz",
      "integrity": "sha512-g+3OJuRylV5qsXuuhrc6Cvs1NQluNioepYMM2fhnpYkNk7NgX+j0AFuevKSVKzTDmDyt9+Puju+zPdHNECzCNQ=="
    },
    "@codemirror/view": {
      "version": "6.7.1",
      "resolved": "https://registry.npmjs.org/@codemirror/view/-/view-6.7.1.tgz",
      "integrity": "sha512-kYtS+uqYw/q/0ytYxpkqE1JVuK5NsbmBklWYhwLFTKO9gVuTdh/kDEeZPKorbqHcJ+P+ucrhcsS1czVweOpT2g==",
      "requires": {
        "@codemirror/state": "^6.1.4",
        "style-mod": "^4.0.0",
        "w3c-keyname": "^2.2.4"
      }
    },
    "@esbuild/android-arm": {
      "version": "0.16.10",
      "resolved": "https://registry.npmjs.org/@esbuild/android-arm/-/android-arm-0.16.10.tgz",
      "integrity": "sha512-RmJjQTRrO6VwUWDrzTBLmV4OJZTarYsiepLGlF2rYTVB701hSorPywPGvP6d8HCuuRibyXa5JX4s3jN2kHEtjQ==",
      "dev": true,
      "optional": true
    },
    "@esbuild/android-arm64": {
      "version": "0.16.10",
      "resolved": "https://registry.npmjs.org/@esbuild/android-arm64/-/android-arm64-0.16.10.tgz",
      "integrity": "sha512-47Y+NwVKTldTlDhSgJHZ/RpvBQMUDG7eKihqaF/u6g7s0ZPz4J1vy8A3rwnnUOF2CuDn7w7Gj/QcMoWz3U3SJw==",
      "dev": true,
      "optional": true
    },
    "@esbuild/android-x64": {
      "version": "0.16.10",
      "resolved": "https://registry.npmjs.org/@esbuild/android-x64/-/android-x64-0.16.10.tgz",
      "integrity": "sha512-C4PfnrBMcuAcOurQzpF1tTtZz94IXO5JmICJJ3NFJRHbXXsQUg9RFG45KvydKqtFfBaFLCHpduUkUfXwIvGnRg==",
      "dev": true,
      "optional": true
    },
    "@esbuild/darwin-arm64": {
      "version": "0.16.10",
      "resolved": "https://registry.npmjs.org/@esbuild/darwin-arm64/-/darwin-arm64-0.16.10.tgz",
      "integrity": "sha512-bH/bpFwldyOKdi9HSLCLhhKeVgRYr9KblchwXgY2NeUHBB/BzTUHtUSBgGBmpydB1/4E37m+ggXXfSrnD7/E7g==",
      "dev": true,
      "optional": true
    },
    "@esbuild/darwin-x64": {
      "version": "0.16.10",
      "resolved": "https://registry.npmjs.org/@esbuild/darwin-x64/-/darwin-x64-0.16.10.tgz",
      "integrity": "sha512-OXt7ijoLuy+AjDSKQWu+KdDFMBbdeaL6wtgMKtDUXKWHiAMKHan5+R1QAG6HD4+K0nnOvEJXKHeA9QhXNAjOTQ==",
      "dev": true,
      "optional": true
    },
    "@esbuild/freebsd-arm64": {
      "version": "0.16.10",
      "resolved": "https://registry.npmjs.org/@esbuild/freebsd-arm64/-/freebsd-arm64-0.16.10.tgz",
      "integrity": "sha512-shSQX/3GHuspE3Uxtq5kcFG/zqC+VuMnJkqV7LczO41cIe6CQaXHD3QdMLA4ziRq/m0vZo7JdterlgbmgNIAlQ==",
      "dev": true,
      "optional": true
    },
    "@esbuild/freebsd-x64": {
      "version": "0.16.10",
      "resolved": "https://registry.npmjs.org/@esbuild/freebsd-x64/-/freebsd-x64-0.16.10.tgz",
      "integrity": "sha512-5YVc1zdeaJGASijZmTzSO4h6uKzsQGG3pkjI6fuXvolhm3hVRhZwnHJkforaZLmzvNv5Tb7a3QL2FAVmrgySIA==",
      "dev": true,
      "optional": true
    },
    "@esbuild/linux-arm": {
      "version": "0.16.10",
      "resolved": "https://registry.npmjs.org/@esbuild/linux-arm/-/linux-arm-0.16.10.tgz",
      "integrity": "sha512-c360287ZWI2miBnvIj23bPyVctgzeMT2kQKR+x94pVqIN44h3GF8VMEs1SFPH1UgyDr3yBbx3vowDS1SVhyVhA==",
      "dev": true,
      "optional": true
    },
    "@esbuild/linux-arm64": {
      "version": "0.16.10",
      "resolved": "https://registry.npmjs.org/@esbuild/linux-arm64/-/linux-arm64-0.16.10.tgz",
      "integrity": "sha512-2aqeNVxIaRfPcIaMZIFoblLh588sWyCbmj1HHCCs9WmeNWm+EIN0SmvsmPvTa/TsNZFKnxTcvkX2eszTcCqIrA==",
      "dev": true,
      "optional": true
    },
    "@esbuild/linux-ia32": {
      "version": "0.16.10",
      "resolved": "https://registry.npmjs.org/@esbuild/linux-ia32/-/linux-ia32-0.16.10.tgz",
      "integrity": "sha512-sqMIEWeyrLGU7J5RB5fTkLRIFwsgsQ7ieWXlDLEmC2HblPYGb3AucD7inw2OrKFpRPKsec1l+lssiM3+NV5aOw==",
      "dev": true,
      "optional": true
    },
    "@esbuild/linux-loong64": {
      "version": "0.16.10",
      "resolved": "https://registry.npmjs.org/@esbuild/linux-loong64/-/linux-loong64-0.16.10.tgz",
      "integrity": "sha512-O7Pd5hLEtTg37NC73pfhUOGTjx/+aXu5YoSq3ahCxcN7Bcr2F47mv+kG5t840thnsEzrv0oB70+LJu3gUgchvg==",
      "dev": true,
      "optional": true
    },
    "@esbuild/linux-mips64el": {
      "version": "0.16.10",
      "resolved": "https://registry.npmjs.org/@esbuild/linux-mips64el/-/linux-mips64el-0.16.10.tgz",
      "integrity": "sha512-FN8mZOH7531iPHM0kaFhAOqqNHoAb6r/YHW2ZIxNi0a85UBi2DO4Vuyn7t1p4UN8a4LoAnLOT1PqNgHkgBJgbA==",
      "dev": true,
      "optional": true
    },
    "@esbuild/linux-ppc64": {
      "version": "0.16.10",
      "resolved": "https://registry.npmjs.org/@esbuild/linux-ppc64/-/linux-ppc64-0.16.10.tgz",
      "integrity": "sha512-Dg9RiqdvHOAWnOKIOTsIx8dFX9EDlY2IbPEY7YFzchrCiTZmMkD7jWA9UdZbNUygPjdmQBVPRCrLydReFlX9yg==",
      "dev": true,
      "optional": true
    },
    "@esbuild/linux-riscv64": {
      "version": "0.16.10",
      "resolved": "https://registry.npmjs.org/@esbuild/linux-riscv64/-/linux-riscv64-0.16.10.tgz",
      "integrity": "sha512-XMqtpjwzbmlar0BJIxmzu/RZ7EWlfVfH68Vadrva0Wj5UKOdKvqskuev2jY2oPV3aoQUyXwnMbMrFmloO2GfAw==",
      "dev": true,
      "optional": true
    },
    "@esbuild/linux-s390x": {
      "version": "0.16.10",
      "resolved": "https://registry.npmjs.org/@esbuild/linux-s390x/-/linux-s390x-0.16.10.tgz",
      "integrity": "sha512-fu7XtnoeRNFMx8DjK3gPWpFBDM2u5ba+FYwg27SjMJwKvJr4bDyKz5c+FLXLUSSAkMAt/UL+cUbEbra+rYtUgw==",
      "dev": true,
      "optional": true
    },
    "@esbuild/linux-x64": {
      "version": "0.16.10",
      "resolved": "https://registry.npmjs.org/@esbuild/linux-x64/-/linux-x64-0.16.10.tgz",
      "integrity": "sha512-61lcjVC/RldNNMUzQQdyCWjCxp9YLEQgIxErxU9XluX7juBdGKb0pvddS0vPNuCvotRbzijZ1pzII+26haWzbA==",
      "dev": true,
      "optional": true
    },
    "@esbuild/netbsd-x64": {
      "version": "0.16.10",
      "resolved": "https://registry.npmjs.org/@esbuild/netbsd-x64/-/netbsd-x64-0.16.10.tgz",
      "integrity": "sha512-JeZXCX3viSA9j4HqSoygjssdqYdfHd6yCFWyfSekLbz4Ef+D2EjvsN02ZQPwYl5a5gg/ehdHgegHhlfOFP0HCA==",
      "dev": true,
      "optional": true
    },
    "@esbuild/openbsd-x64": {
      "version": "0.16.10",
      "resolved": "https://registry.npmjs.org/@esbuild/openbsd-x64/-/openbsd-x64-0.16.10.tgz",
      "integrity": "sha512-3qpxQKuEVIIg8SebpXsp82OBrqjPV/OwNWmG+TnZDr3VGyChNnGMHccC1xkbxCHDQNnnXjxhMQNyHmdFJbmbRA==",
      "dev": true,
      "optional": true
    },
    "@esbuild/sunos-x64": {
      "version": "0.16.10",
      "resolved": "https://registry.npmjs.org/@esbuild/sunos-x64/-/sunos-x64-0.16.10.tgz",
      "integrity": "sha512-z+q0xZ+et/7etz7WoMyXTHZ1rB8PMSNp/FOqURLJLOPb3GWJ2aj4oCqFCjPwEbW1rsT7JPpxeH/DwGAWk/I1Bg==",
      "dev": true,
      "optional": true
    },
    "@esbuild/win32-arm64": {
      "version": "0.16.10",
      "resolved": "https://registry.npmjs.org/@esbuild/win32-arm64/-/win32-arm64-0.16.10.tgz",
      "integrity": "sha512-+YYu5sbQ9npkNT9Dec+tn1F/kjg6SMgr6bfi/6FpXYZvCRfu2YFPZGb+3x8K30s8eRxFpoG4sGhiSUkr1xbHEw==",
      "dev": true,
      "optional": true
    },
    "@esbuild/win32-ia32": {
      "version": "0.16.10",
      "resolved": "https://registry.npmjs.org/@esbuild/win32-ia32/-/win32-ia32-0.16.10.tgz",
      "integrity": "sha512-Aw7Fupk7XNehR1ftHGYwUteyJ2q+em/aE+fVU3YMTBN2V5A7Z4aVCSV+SvCp9HIIHZavPFBpbdP3VfjQpdf6Xg==",
      "dev": true,
      "optional": true
    },
    "@esbuild/win32-x64": {
      "version": "0.16.10",
      "resolved": "https://registry.npmjs.org/@esbuild/win32-x64/-/win32-x64-0.16.10.tgz",
      "integrity": "sha512-qddWullt3sC1EIpfHvCRBq3H4g3L86DZpD6n8k2XFjFVyp01D++uNbN1hT/JRsHxTbyyemZcpwL5aRlJwc/zFw==",
      "dev": true,
      "optional": true
    },
    "@lezer/common": {
      "version": "1.0.2",
      "resolved": "https://registry.npmjs.org/@lezer/common/-/common-1.0.2.tgz",
      "integrity": "sha512-SVgiGtMnMnW3ActR8SXgsDhw7a0w0ChHSYAyAUxxrOiJ1OqYWEKk/xJd84tTSPo1mo6DXLObAJALNnd0Hrv7Ng=="
    },
    "@lezer/css": {
      "version": "1.1.1",
      "resolved": "https://registry.npmjs.org/@lezer/css/-/css-1.1.1.tgz",
      "integrity": "sha512-mSjx+unLLapEqdOYDejnGBokB5+AiJKZVclmud0MKQOKx3DLJ5b5VTCstgDDknR6iIV4gVrN6euzsCnj0A2gQA==",
      "requires": {
        "@lezer/highlight": "^1.0.0",
        "@lezer/lr": "^1.0.0"
      }
    },
    "@lezer/highlight": {
      "version": "1.1.3",
      "resolved": "https://registry.npmjs.org/@lezer/highlight/-/highlight-1.1.3.tgz",
      "integrity": "sha512-3vLKLPThO4td43lYRBygmMY18JN3CPh9w+XS2j8WC30vR4yZeFG4z1iFe4jXE43NtGqe//zHW5q8ENLlHvz9gw==",
      "requires": {
        "@lezer/common": "^1.0.0"
      }
    },
    "@lezer/html": {
      "version": "1.3.0",
      "resolved": "https://registry.npmjs.org/@lezer/html/-/html-1.3.0.tgz",
      "integrity": "sha512-jU/ah8DEoiECLTMouU/X/ujIg6k9WQMIOFMaCLebzaXfrguyGaR3DpTgmk0tbljiuIJ7hlmVJPcJcxGzmCd0Mg==",
      "requires": {
        "@lezer/common": "^1.0.0",
        "@lezer/highlight": "^1.0.0",
        "@lezer/lr": "^1.0.0"
      }
    },
    "@lezer/javascript": {
      "version": "1.4.0",
      "resolved": "https://registry.npmjs.org/@lezer/javascript/-/javascript-1.4.0.tgz",
      "integrity": "sha512-MQ3oLJGEtpUgZ03LOLI60tDnjSkKO6h9hZSe31qJ1UQV+I9bpv3pwSnPUnX0+e+3E1PBVkox0GB2/MXkxg0M2w==",
      "requires": {
        "@lezer/highlight": "^1.0.0",
        "@lezer/lr": "^1.0.0"
      }
    },
    "@lezer/lr": {
      "version": "1.2.5",
      "resolved": "https://registry.npmjs.org/@lezer/lr/-/lr-1.2.5.tgz",
      "integrity": "sha512-f9319YG1A/3ysgUE3bqCHEd7g+3ZZ71MWlwEc42mpnLVYXgfJJgtu1XAyBB4Kz8FmqmnFe9caopDqKeMMMAU6g==",
      "requires": {
        "@lezer/common": "^1.0.0"
      }
    },
    "@lezer/markdown": {
      "version": "1.0.2",
      "resolved": "https://registry.npmjs.org/@lezer/markdown/-/markdown-1.0.2.tgz",
      "integrity": "sha512-8CY0OoZ6V5EzPjSPeJ4KLVbtXdLBd8V6sRCooN5kHnO28ytreEGTyrtU/zUwo/XLRzGr/e1g44KlzKi3yWGB5A==",
      "requires": {
        "@lezer/common": "^1.0.0",
        "@lezer/highlight": "^1.0.0"
      }
    },
    "codemirror": {
      "version": "6.0.1",
      "resolved": "https://registry.npmjs.org/codemirror/-/codemirror-6.0.1.tgz",
      "integrity": "sha512-J8j+nZ+CdWmIeFIGXEFbFPtpiYacFMDR8GlHK3IyHQJMCaVRfGx9NT+Hxivv1ckLWPvNdZqndbr/7lVhrf/Svg==",
      "requires": {
        "@codemirror/autocomplete": "^6.0.0",
        "@codemirror/commands": "^6.0.0",
        "@codemirror/language": "^6.0.0",
        "@codemirror/lint": "^6.0.0",
        "@codemirror/search": "^6.0.0",
        "@codemirror/state": "^6.0.0",
        "@codemirror/view": "^6.0.0"
      }
    },
    "crelt": {
      "version": "1.0.5",
      "resolved": "https://registry.npmjs.org/crelt/-/crelt-1.0.5.tgz",
      "integrity": "sha512-+BO9wPPi+DWTDcNYhr/W90myha8ptzftZT+LwcmUbbok0rcP/fequmFYCw8NMoH7pkAZQzU78b3kYrlua5a9eA=="
    },
    "esbuild": {
      "version": "0.16.10",
      "resolved": "https://registry.npmjs.org/esbuild/-/esbuild-0.16.10.tgz",
      "integrity": "sha512-z5dIViHoVnw2l+NCJ3zj5behdXjYvXne9gL18OOivCadXDUhyDkeSvEtLcGVAJW2fNmh33TDUpsi704XYlDodw==",
      "dev": true,
      "requires": {
        "@esbuild/android-arm": "0.16.10",
        "@esbuild/android-arm64": "0.16.10",
        "@esbuild/android-x64": "0.16.10",
        "@esbuild/darwin-arm64": "0.16.10",
        "@esbuild/darwin-x64": "0.16.10",
        "@esbuild/freebsd-arm64": "0.16.10",
        "@esbuild/freebsd-x64": "0.16.10",
        "@esbuild/linux-arm": "0.16.10",
        "@esbuild/linux-arm64": "0.16.10",
        "@esbuild/linux-ia32": "0.16.10",
        "@esbuild/linux-loong64": "0.16.10",
        "@esbuild/linux-mips64el": "0.16.10",
        "@esbuild/linux-ppc64": "0.16.10",
        "@esbuild/linux-riscv64": "0.16.10",
        "@esbuild/linux-s390x": "0.16.10",
        "@esbuild/linux-x64": "0.16.10",
        "@esbuild/netbsd-x64": "0.16.10",
        "@esbuild/openbsd-x64": "0.16.10",
        "@esbuild/sunos-x64": "0.16.10",
        "@esbuild/win32-arm64": "0.16.10",
        "@esbuild/win32-ia32": "0.16.10",
        "@esbuild/win32-x64": "0.16.10"
      }
    },
    "style-mod": {
      "version": "4.0.0",
      "resolved": "https://registry.npmjs.org/style-mod/-/style-mod-4.0.0.tgz",
      "integrity": "sha512-OPhtyEjyyN9x3nhPsu76f52yUGXiZcgvsrFVtvTkyGRQJ0XK+GPc6ov1z+lRpbeabka+MYEQxOYRnt5nF30aMw=="
    },
    "w3c-keyname": {
      "version": "2.2.6",
      "resolved": "https://registry.npmjs.org/w3c-keyname/-/w3c-keyname-2.2.6.tgz",
      "integrity": "sha512-f+fciywl1SJEniZHD6H+kUO8gOnwIr7f4ijKA6+ZvJFjeGi1r4PDLl53Ayud9O/rk64RqgoQine0feoeOU0kXg=="
    }
  }
}
